
Microsoft Visual Studio Solution File, Format Version 12.00
# Visual Studio 15
VisualStudioVersion = 15.0.28010.0
MinimumVisualStudioVersion = 10.0.40219.1
Project("{FAE04EC0-301F-11D3-BF4B-00C04F79EFBC}") = "GCD", "GCD\GCD.csproj", "{491E5B6F-245C-48F2-8E06-F34FDB135992}"
EndProject
Project("{FAE04EC0-301F-11D3-BF4B-00C04F79EFBC}") = "GCDTests", "GCDTests\GCDTests.csproj", "{A6C80EBC-F09C-4FA7-ABD8-15D2A49FEB4C}"
EndProject
Global
	GlobalSection(SolutionConfigurationPlatforms) = preSolution
		Debug|Any CPU = Debug|Any CPU
		Release|Any CPU = Release|Any CPU
	EndGlobalSection
	GlobalSection(ProjectConfigurationPlatforms) = postSolution
		{491E5B6F-245C-48F2-8E06-F34FDB135992}.Debug|Any CPU.ActiveCfg = Debug|Any CPU
		{491E5B6F-245C-48F2-8E06-F34FDB135992}.Debug|Any CPU.Build.0 = Debug|Any CPU
		{491E5B6F-245C-48F2-8E06-F34FDB135992}.Release|Any CPU.ActiveCfg = Release|Any CPU
		{491E5B6F-245C-48F2-8E06-F34FDB135992}.Release|Any CPU.Build.0 = Release|Any CPU
		{A6C80EBC-F09C-4FA7-ABD8-15D2A49FEB4C}.Debug|Any CPU.ActiveCfg = Debug|Any CPU
		{A6C80EBC-F09C-4FA7-ABD8-15D2A49FEB4C}.Debug|Any CPU.Build.0 = Debug|Any CPU
		{A6C80EBC-F09C-4FA7-ABD8-15D2A49FEB4C}.Release|Any CPU.ActiveCfg = Release|Any CPU
		{A6C80EBC-F09C-4FA7-ABD8-15D2A49FEB4C}.Release|Any CPU.Build.0 = Release|Any CPU
	EndGlobalSection
	GlobalSection(SolutionProperties) = preSolution
		HideSolutionNode = FALSE
	EndGlobalSection
	GlobalSection(ExtensibilityGlobals) = postSolution
		SolutionGuid = {38488875-E185-4FD0-871D-F69CE1164482}
	EndGlobalSection
EndGlobal
